
Microsoft Visual Studio Solution File, Format Version 12.00
# Visual Studio Version 17
VisualStudioVersion = 17.10.35013.160
MinimumVisualStudioVersion = 10.0.40219.1
Project("{9A19103F-16F7-4668-BE54-9A1E7A4F7556}") = "Biden.Radar.OKX", "Biden.Radar.OKX\Biden.Radar.OKX.csproj", "{3094B7D5-41C7-41DD-9552-DD098966238B}"
EndProject
Project("{9A19103F-16F7-4668-BE54-9A1E7A4F7556}") = "Biden.Radar.Common", "Biden.Radar.Common\Biden.Radar.Common.csproj", "{579C904F-27B7-4D25-B247-7AE12BD50DC3}"
EndProject
Project("{9A19103F-16F7-4668-BE54-9A1E7A4F7556}") = "Biden.Radar.Bybit", "Biden.Radar.Bybit\Biden.Radar.Bybit.csproj", "{A091AFFB-12E6-4097-AF76-B32C79ACC373}"
EndProject
Project("{9A19103F-16F7-4668-BE54-9A1E7A4F7556}") = "Biden.Radar.Gate", "Biden.Radar.Gate\Biden.Radar.Gate.csproj", "{D3A930CE-BD1F-482B-9A13-E872E8D50E49}"
EndProject
Project("{FAE04EC0-301F-11D3-BF4B-00C04F79EFBC}") = "Biden.Radar.Binance", "Biden.Radar.Binance\Biden.Radar.Binance.csproj", "{97E05932-9144-42F9-80C7-85136C10B486}"
EndProject
Project("{FAE04EC0-301F-11D3-BF4B-00C04F79EFBC}") = "Biden.Radar.BybitV3", "Biden.Radar.BybitV3\Biden.Radar.BybitV3.csproj", "{3EF80281-9871-4F6A-9DC5-E9ACC4779BBD}"
EndProject
Global
	GlobalSection(SolutionConfigurationPlatforms) = preSolution
		Debug|Any CPU = Debug|Any CPU
		Release|Any CPU = Release|Any CPU
	EndGlobalSection
	GlobalSection(ProjectConfigurationPlatforms) = postSolution
		{3094B7D5-41C7-41DD-9552-DD098966238B}.Debug|Any CPU.ActiveCfg = Debug|Any CPU
		{3094B7D5-41C7-41DD-9552-DD098966238B}.Debug|Any CPU.Build.0 = Debug|Any CPU
		{3094B7D5-41C7-41DD-9552-DD098966238B}.Release|Any CPU.ActiveCfg = Release|Any CPU
		{3094B7D5-41C7-41DD-9552-DD098966238B}.Release|Any CPU.Build.0 = Release|Any CPU
		{579C904F-27B7-4D25-B247-7AE12BD50DC3}.Debug|Any CPU.ActiveCfg = Debug|Any CPU
		{579C904F-27B7-4D25-B247-7AE12BD50DC3}.Debug|Any CPU.Build.0 = Debug|Any CPU
		{579C904F-27B7-4D25-B247-7AE12BD50DC3}.Release|Any CPU.ActiveCfg = Release|Any CPU
		{579C904F-27B7-4D25-B247-7AE12BD50DC3}.Release|Any CPU.Build.0 = Release|Any CPU
		{A091AFFB-12E6-4097-AF76-B32C79ACC373}.Debug|Any CPU.ActiveCfg = Debug|Any CPU
		{A091AFFB-12E6-4097-AF76-B32C79ACC373}.Debug|Any CPU.Build.0 = Debug|Any CPU
		{A091AFFB-12E6-4097-AF76-B32C79ACC373}.Release|Any CPU.ActiveCfg = Release|Any CPU
		{A091AFFB-12E6-4097-AF76-B32C79ACC373}.Release|Any CPU.Build.0 = Release|Any CPU
		{D3A930CE-BD1F-482B-9A13-E872E8D50E49}.Debug|Any CPU.ActiveCfg = Debug|Any CPU
		{D3A930CE-BD1F-482B-9A13-E872E8D50E49}.Debug|Any CPU.Build.0 = Debug|Any CPU
		{D3A930CE-BD1F-482B-9A13-E872E8D50E49}.Release|Any CPU.ActiveCfg = Release|Any CPU
		{D3A930CE-BD1F-482B-9A13-E872E8D50E49}.Release|Any CPU.Build.0 = Release|Any CPU
		{97E05932-9144-42F9-80C7-85136C10B486}.Debug|Any CPU.ActiveCfg = Debug|Any CPU
		{97E05932-9144-42F9-80C7-85136C10B486}.Debug|Any CPU.Build.0 = Debug|Any CPU
		{97E05932-9144-42F9-80C7-85136C10B486}.Release|Any CPU.ActiveCfg = Release|Any CPU
		{97E05932-9144-42F9-80C7-85136C10B486}.Release|Any CPU.Build.0 = Release|Any CPU
		{3EF80281-9871-4F6A-9DC5-E9ACC4779BBD}.Debug|Any CPU.ActiveCfg = Debug|Any CPU
		{3EF80281-9871-4F6A-9DC5-E9ACC4779BBD}.Debug|Any CPU.Build.0 = Debug|Any CPU
		{3EF80281-9871-4F6A-9DC5-E9ACC4779BBD}.Release|Any CPU.ActiveCfg = Release|Any CPU
		{3EF80281-9871-4F6A-9DC5-E9ACC4779BBD}.Release|Any CPU.Build.0 = Release|Any CPU
	EndGlobalSection
	GlobalSection(SolutionProperties) = preSolution
		HideSolutionNode = FALSE
	EndGlobalSection
	GlobalSection(ExtensibilityGlobals) = postSolution
		SolutionGuid = {CD535206-BAE8-4CC3-8F6E-3849CC375D00}
	EndGlobalSection
EndGlobal
